
Microsoft Visual Studio Solution File, Format Version 12.00
# Visual Studio Version 17
VisualStudioVersion = 17.3.32929.385
MinimumVisualStudioVersion = 10.0.40219.1
Project("{9A19103F-16F7-4668-BE54-9A1E7A4F7556}") = "admin", "tesst\admin.csproj", "{B084864E-E922-49BF-BE04-B45D711B4C86}"
EndProject
Project("{FAE04EC0-301F-11D3-BF4B-00C04F79EFBC}") = "common", "common\common.csproj", "{63BABED5-1B34-4E0B-9F12-D00D9B3525C4}"
EndProject
Project("{FAE04EC0-301F-11D3-BF4B-00C04F79EFBC}") = "Pelanggan", "User\Pelanggan.csproj", "{2C928D1C-3B80-4EB3-BC87-2D9A5363D23B}"
EndProject
Project("{FAE04EC0-301F-11D3-BF4B-00C04F79EFBC}") = "Redis", "Redis\Redis.csproj", "{A91935AA-0055-47E2-8E2F-12E71ADF4962}"
EndProject
Global
	GlobalSection(SolutionConfigurationPlatforms) = preSolution
		Debug|Any CPU = Debug|Any CPU
		Release|Any CPU = Release|Any CPU
	EndGlobalSection
	GlobalSection(ProjectConfigurationPlatforms) = postSolution
		{B084864E-E922-49BF-BE04-B45D711B4C86}.Debug|Any CPU.ActiveCfg = Debug|Any CPU
		{B084864E-E922-49BF-BE04-B45D711B4C86}.Debug|Any CPU.Build.0 = Debug|Any CPU
		{B084864E-E922-49BF-BE04-B45D711B4C86}.Release|Any CPU.ActiveCfg = Release|Any CPU
		{B084864E-E922-49BF-BE04-B45D711B4C86}.Release|Any CPU.Build.0 = Release|Any CPU
		{63BABED5-1B34-4E0B-9F12-D00D9B3525C4}.Debug|Any CPU.ActiveCfg = Debug|Any CPU
		{63BABED5-1B34-4E0B-9F12-D00D9B3525C4}.Debug|Any CPU.Build.0 = Debug|Any CPU
		{63BABED5-1B34-4E0B-9F12-D00D9B3525C4}.Release|Any CPU.ActiveCfg = Release|Any CPU
		{63BABED5-1B34-4E0B-9F12-D00D9B3525C4}.Release|Any CPU.Build.0 = Release|Any CPU
		{2C928D1C-3B80-4EB3-BC87-2D9A5363D23B}.Debug|Any CPU.ActiveCfg = Debug|Any CPU
		{2C928D1C-3B80-4EB3-BC87-2D9A5363D23B}.Debug|Any CPU.Build.0 = Debug|Any CPU
		{2C928D1C-3B80-4EB3-BC87-2D9A5363D23B}.Release|Any CPU.ActiveCfg = Release|Any CPU
		{2C928D1C-3B80-4EB3-BC87-2D9A5363D23B}.Release|Any CPU.Build.0 = Release|Any CPU
		{A91935AA-0055-47E2-8E2F-12E71ADF4962}.Debug|Any CPU.ActiveCfg = Debug|Any CPU
		{A91935AA-0055-47E2-8E2F-12E71ADF4962}.Debug|Any CPU.Build.0 = Debug|Any CPU
		{A91935AA-0055-47E2-8E2F-12E71ADF4962}.Release|Any CPU.ActiveCfg = Release|Any CPU
		{A91935AA-0055-47E2-8E2F-12E71ADF4962}.Release|Any CPU.Build.0 = Release|Any CPU
	EndGlobalSection
	GlobalSection(SolutionProperties) = preSolution
		HideSolutionNode = FALSE
	EndGlobalSection
	GlobalSection(ExtensibilityGlobals) = postSolution
		SolutionGuid = {B9E90596-0B62-4C03-90A3-3349621CBA27}
	EndGlobalSection
EndGlobal
